{
  "name": "ui_eval_modules",
  "version": "1.0.0",
  "lockfileVersion": 3,
  "requires": true,
  "packages": {
    "": {
      "name": "ui_eval_modules",
      "version": "1.0.0",
      "dependencies": {
        "@ui_eval/sdk": "file:../../ts_sdk"
      }
    },
    "../../ts_sdk": {
      "name": "@ui_eval/sdk",
      "version": "1.0.0",
      "dependencies": {
        "esbuild": "^0.20.0"
      },
      "bin": {
        "ui-eval-build": "bin/build.js"
      },
      "devDependencies": {
        "typescript": "^5.3.0"
      }
    },
    "node_modules/@ui_eval/sdk": {
      "resolved": "../../ts_sdk",
      "link": true
    }
  }
}
